
Microsoft Visual Studio Solution File, Format Version 12.00
# Visual Studio Version 16
VisualStudioVersion = 16.0.30011.22
MinimumVisualStudioVersion = 10.0.40219.1
Project("{FAE04EC0-301F-11D3-BF4B-00C04F79EFBC}") = "RentalVideo_Balkaran", "RentalVideo_Balkaran\RentalVideo_Balkaran.csproj", "{C77807D4-D025-41DA-AF55-EA8F222E0F52}"
EndProject
Project("{FAE04EC0-301F-11D3-BF4B-00C04F79EFBC}") = "UnitTestProject_Balkaran", "UnitTestProject_Balkaran\UnitTestProject_Balkaran.csproj", "{DB5CDFDA-2823-4FA7-8899-F817E67D785F}"
EndProject
Global
	GlobalSection(SolutionConfigurationPlatforms) = preSolution
		Debug|Any CPU = Debug|Any CPU
		Release|Any CPU = Release|Any CPU
	EndGlobalSection
	GlobalSection(ProjectConfigurationPlatforms) = postSolution
		{C77807D4-D025-41DA-AF55-EA8F222E0F52}.Debug|Any CPU.ActiveCfg = Debug|Any CPU
		{C77807D4-D025-41DA-AF55-EA8F222E0F52}.Debug|Any CPU.Build.0 = Debug|Any CPU
		{C77807D4-D025-41DA-AF55-EA8F222E0F52}.Release|Any CPU.ActiveCfg = Release|Any CPU
		{C77807D4-D025-41DA-AF55-EA8F222E0F52}.Release|Any CPU.Build.0 = Release|Any CPU
		{DB5CDFDA-2823-4FA7-8899-F817E67D785F}.Debug|Any CPU.ActiveCfg = Debug|Any CPU
		{DB5CDFDA-2823-4FA7-8899-F817E67D785F}.Debug|Any CPU.Build.0 = Debug|Any CPU
		{DB5CDFDA-2823-4FA7-8899-F817E67D785F}.Release|Any CPU.ActiveCfg = Release|Any CPU
		{DB5CDFDA-2823-4FA7-8899-F817E67D785F}.Release|Any CPU.Build.0 = Release|Any CPU
	EndGlobalSection
	GlobalSection(SolutionProperties) = preSolution
		HideSolutionNode = FALSE
	EndGlobalSection
	GlobalSection(ExtensibilityGlobals) = postSolution
		SolutionGuid = {FF26AB1F-4201-44EB-9511-BB1E1E295262}
	EndGlobalSection
EndGlobal
